
Microsoft Visual Studio Solution File, Format Version 12.00
# Visual Studio Version 17
VisualStudioVersion = 17.0.31903.59
MinimumVisualStudioVersion = 10.0.40219.1
Project("{2150E333-8FDC-42A3-9474-1A3956D46DE8}") = "src", "src", "{827E0CD3-B72D-47B6-A68D-7590B98EB39B}"
EndProject
Project("{FAE04EC0-301F-11D3-BF4B-00C04F79EFBC}") = "EbaDpm.Converter.Core", "src\EbaDpm.Converter.Core\EbaDpm.Converter.Core.csproj", "{26EA388A-01D0-4BDA-B1ED-F46990814A70}"
EndProject
Project("{FAE04EC0-301F-11D3-BF4B-00C04F79EFBC}") = "EbaDpm.Converter.Cli", "src\EbaDpm.Converter.Cli\EbaDpm.Converter.Cli.csproj", "{CF2EA86C-625C-4B20-B8BF-843528ACBBD2}"
EndProject
Project("{2150E333-8FDC-42A3-9474-1A3956D46DE8}") = "tests", "tests", "{0AB3BF05-4346-4AA6-1389-037BE0695223}"
EndProject
Project("{FAE04EC0-301F-11D3-BF4B-00C04F79EFBC}") = "EbaDpm.Converter.Tests", "tests\EbaDpm.Converter.Tests\EbaDpm.Converter.Tests.csproj", "{EF3E0E98-0A9E-484D-A4AD-62AB6C032934}"
EndProject
Global
	GlobalSection(SolutionConfigurationPlatforms) = preSolution
		Debug|Any CPU = Debug|Any CPU
		Debug|x64 = Debug|x64
		Debug|x86 = Debug|x86
		Release|Any CPU = Release|Any CPU
		Release|x64 = Release|x64
		Release|x86 = Release|x86
	EndGlobalSection
	GlobalSection(ProjectConfigurationPlatforms) = postSolution
		{26EA388A-01D0-4BDA-B1ED-F46990814A70}.Debug|Any CPU.ActiveCfg = Debug|Any CPU
		{26EA388A-01D0-4BDA-B1ED-F46990814A70}.Debug|Any CPU.Build.0 = Debug|Any CPU
		{26EA388A-01D0-4BDA-B1ED-F46990814A70}.Debug|x64.ActiveCfg = Debug|Any CPU
		{26EA388A-01D0-4BDA-B1ED-F46990814A70}.Debug|x64.Build.0 = Debug|Any CPU
		{26EA388A-01D0-4BDA-B1ED-F46990814A70}.Debug|x86.ActiveCfg = Debug|Any CPU
		{26EA388A-01D0-4BDA-B1ED-F46990814A70}.Debug|x86.Build.0 = Debug|Any CPU
		{26EA388A-01D0-4BDA-B1ED-F46990814A70}.Release|Any CPU.ActiveCfg = Release|Any CPU
		{26EA388A-01D0-4BDA-B1ED-F46990814A70}.Release|Any CPU.Build.0 = Release|Any CPU
		{26EA388A-01D0-4BDA-B1ED-F46990814A70}.Release|x64.ActiveCfg = Release|Any CPU
		{26EA388A-01D0-4BDA-B1ED-F46990814A70}.Release|x64.Build.0 = Release|Any CPU
		{26EA388A-01D0-4BDA-B1ED-F46990814A70}.Release|x86.ActiveCfg = Release|Any CPU
		{26EA388A-01D0-4BDA-B1ED-F46990814A70}.Release|x86.Build.0 = Release|Any CPU
		{CF2EA86C-625C-4B20-B8BF-843528ACBBD2}.Debug|Any CPU.ActiveCfg = Debug|Any CPU
		{CF2EA86C-625C-4B20-B8BF-843528ACBBD2}.Debug|Any CPU.Build.0 = Debug|Any CPU
		{CF2EA86C-625C-4B20-B8BF-843528ACBBD2}.Debug|x64.ActiveCfg = Debug|Any CPU
		{CF2EA86C-625C-4B20-B8BF-843528ACBBD2}.Debug|x64.Build.0 = Debug|Any CPU
		{CF2EA86C-625C-4B20-B8BF-843528ACBBD2}.Debug|x86.ActiveCfg = Debug|Any CPU
		{CF2EA86C-625C-4B20-B8BF-843528ACBBD2}.Debug|x86.Build.0 = Debug|Any CPU
		{CF2EA86C-625C-4B20-B8BF-843528ACBBD2}.Release|Any CPU.ActiveCfg = Release|Any CPU
		{CF2EA86C-625C-4B20-B8BF-843528ACBBD2}.Release|Any CPU.Build.0 = Release|Any CPU
		{CF2EA86C-625C-4B20-B8BF-843528ACBBD2}.Release|x64.ActiveCfg = Release|Any CPU
		{CF2EA86C-625C-4B20-B8BF-843528ACBBD2}.Release|x64.Build.0 = Release|Any CPU
		{CF2EA86C-625C-4B20-B8BF-843528ACBBD2}.Release|x86.ActiveCfg = Release|Any CPU
		{CF2EA86C-625C-4B20-B8BF-843528ACBBD2}.Release|x86.Build.0 = Release|Any CPU
		{EF3E0E98-0A9E-484D-A4AD-62AB6C032934}.Debug|Any CPU.ActiveCfg = Debug|Any CPU
		{EF3E0E98-0A9E-484D-A4AD-62AB6C032934}.Debug|Any CPU.Build.0 = Debug|Any CPU
		{EF3E0E98-0A9E-484D-A4AD-62AB6C032934}.Debug|x64.ActiveCfg = Debug|Any CPU
		{EF3E0E98-0A9E-484D-A4AD-62AB6C032934}.Debug|x64.Build.0 = Debug|Any CPU
		{EF3E0E98-0A9E-484D-A4AD-62AB6C032934}.Debug|x86.ActiveCfg = Debug|Any CPU
		{EF3E0E98-0A9E-484D-A4AD-62AB6C032934}.Debug|x86.Build.0 = Debug|Any CPU
		{EF3E0E98-0A9E-484D-A4AD-62AB6C032934}.Release|Any CPU.ActiveCfg = Release|Any CPU
		{EF3E0E98-0A9E-484D-A4AD-62AB6C032934}.Release|Any CPU.Build.0 = Release|Any CPU
		{EF3E0E98-0A9E-484D-A4AD-62AB6C032934}.Release|x64.ActiveCfg = Release|Any CPU
		{EF3E0E98-0A9E-484D-A4AD-62AB6C032934}.Release|x64.Build.0 = Release|Any CPU
		{EF3E0E98-0A9E-484D-A4AD-62AB6C032934}.Release|x86.ActiveCfg = Release|Any CPU
		{EF3E0E98-0A9E-484D-A4AD-62AB6C032934}.Release|x86.Build.0 = Release|Any CPU
	EndGlobalSection
	GlobalSection(SolutionProperties) = preSolution
		HideSolutionNode = FALSE
	EndGlobalSection
	GlobalSection(NestedProjects) = preSolution
		{26EA388A-01D0-4BDA-B1ED-F46990814A70} = {827E0CD3-B72D-47B6-A68D-7590B98EB39B}
		{CF2EA86C-625C-4B20-B8BF-843528ACBBD2} = {827E0CD3-B72D-47B6-A68D-7590B98EB39B}
		{EF3E0E98-0A9E-484D-A4AD-62AB6C032934} = {0AB3BF05-4346-4AA6-1389-037BE0695223}
	EndGlobalSection
EndGlobal
